
Microsoft Visual Studio Solution File, Format Version 12.00
# Visual Studio Version 16
VisualStudioVersion = 16.0.29926.136
MinimumVisualStudioVersion = 10.0.40219.1
Project("{FAE04EC0-301F-11D3-BF4B-00C04F79EFBC}") = "TrainingCenterProject", "TrainingCenterProject.csproj", "{4A927FE0-E230-40F7-ABFC-34C6EE4261E1}"
EndProject
Global
	GlobalSection(SolutionConfigurationPlatforms) = preSolution
		Debug|Any CPU = Debug|Any CPU
		Release|Any CPU = Release|Any CPU
	EndGlobalSection
	GlobalSection(ProjectConfigurationPlatforms) = postSolution
		{4A927FE0-E230-40F7-ABFC-34C6EE4261E1}.Debug|Any CPU.ActiveCfg = Debug|Any CPU
		{4A927FE0-E230-40F7-ABFC-34C6EE4261E1}.Debug|Any CPU.Build.0 = Debug|Any CPU
		{4A927FE0-E230-40F7-ABFC-34C6EE4261E1}.Release|Any CPU.ActiveCfg = Release|Any CPU
		{4A927FE0-E230-40F7-ABFC-34C6EE4261E1}.Release|Any CPU.Build.0 = Release|Any CPU
	EndGlobalSection
	GlobalSection(SolutionProperties) = preSolution
		HideSolutionNode = FALSE
	EndGlobalSection
	GlobalSection(ExtensibilityGlobals) = postSolution
		SolutionGuid = {DDDB47F5-C7D9-47AA-B056-A5D8616B64FE}
	EndGlobalSection
EndGlobal
